
Microsoft Visual Studio Solution File, Format Version 12.00
# Visual Studio 14
VisualStudioVersion = 14.0.25420.1
MinimumVisualStudioVersion = 10.0.40219.1
Project("{F184B08F-C81C-45F6-A57F-5ABD9991F28F}") = "mtrumble1b1", "mtrumble1b1\mtrumble1b1.vbproj", "{BFE2A342-69D6-40A2-A0DA-0BF357928C6E}"
EndProject
Project("{F184B08F-C81C-45F6-A57F-5ABD9991F28F}") = "mtrumble1c1", "mtrumble1c1\mtrumble1c1.vbproj", "{652CDFD9-7186-421B-9780-12DF2E70F6A5}"
EndProject
Project("{F184B08F-C81C-45F6-A57F-5ABD9991F28F}") = "mtrumble1d1", "mtrumble1d1\mtrumble1d1.vbproj", "{7691698E-10E6-4345-BDAA-97C98B4DAACE}"
EndProject
Project("{F184B08F-C81C-45F6-A57F-5ABD9991F28F}") = "mtrumble1e1", "mtrumble1e1\mtrumble1e1.vbproj", "{6561F37D-DF96-41A1-B742-827B6202DC59}"
EndProject
Project("{F184B08F-C81C-45F6-A57F-5ABD9991F28F}") = "mtrumble1f1", "mtrumble1f1\mtrumble1f1.vbproj", "{4AD43F33-1524-4024-8588-7C4F84A1CE1E}"
EndProject
Project("{F184B08F-C81C-45F6-A57F-5ABD9991F28F}") = "mtrumble1g1", "mtrumble1g1\mtrumble1g1.vbproj", "{22A38A3D-60BC-4E72-ACD4-20444B5FBA41}"
EndProject
Project("{F184B08F-C81C-45F6-A57F-5ABD9991F28F}") = "mtrumble1h1", "mtrumble1h1\mtrumble1h1.vbproj", "{77C0EC75-AD85-46FC-9F96-C85F0E219B73}"
EndProject
Project("{F184B08F-C81C-45F6-A57F-5ABD9991F28F}") = "mtrumble2a1", "mtrumble2a1\mtrumble2a1.vbproj", "{CE7BBF78-CAF8-4A45-B7DA-DE50093A74E3}"
EndProject
Project("{F184B08F-C81C-45F6-A57F-5ABD9991F28F}") = "mtrumble2b1", "mtrumble2b1\mtrumble2b1.vbproj", "{74E720ED-58BC-4D73-AEE1-D1D2A671F5BE}"
EndProject
Project("{F184B08F-C81C-45F6-A57F-5ABD9991F28F}") = "mtrumble2c1", "mtrumble2c1\mtrumble2c1.vbproj", "{DC3490D3-68C8-43F9-B8EB-71DBCD107C83}"
EndProject
Project("{F184B08F-C81C-45F6-A57F-5ABD9991F28F}") = "mtrumble2f1", "mtrumble2f1\mtrumble2f1.vbproj", "{78F6264D-D898-4ADB-B04E-313E7B40952A}"
EndProject
Project("{F184B08F-C81C-45F6-A57F-5ABD9991F28F}") = "mtrumble2d1", "mtrumble2d1\mtrumble2d1.vbproj", "{382F616B-1070-40AE-9E0F-B8E3A9841FC8}"
EndProject
Project("{F184B08F-C81C-45F6-A57F-5ABD9991F28F}") = "mtrumble2e1", "mtrumble2e1\mtrumble2e1.vbproj", "{A60ADA28-85D6-46DE-B7E8-D3BC9E016690}"
EndProject
Project("{F184B08F-C81C-45F6-A57F-5ABD9991F28F}") = "mtrumble2g1", "mtrumble2g1\mtrumble2g1.vbproj", "{B448F313-7C90-44A9-AF5D-8632D3A0B73F}"
EndProject
Project("{F184B08F-C81C-45F6-A57F-5ABD9991F28F}") = "mtrumble2h1", "mtrumble2h1\mtrumble2h1.vbproj", "{8FA91829-90FA-4BA0-B9CD-14A516F6C044}"
EndProject
Project("{F184B08F-C81C-45F6-A57F-5ABD9991F28F}") = "mtrumble2i1", "mtrumble2i1\mtrumble2i1.vbproj", "{3BC7FDF0-943B-4147-95AF-ECC1DD6D941C}"
EndProject
Project("{F184B08F-C81C-45F6-A57F-5ABD9991F28F}") = "mtrumble2j1", "mtrumble2j1\mtrumble2j1.vbproj", "{58753749-2498-4BD0-8B25-D280A42D40A5}"
EndProject
Project("{F184B08F-C81C-45F6-A57F-5ABD9991F28F}") = "mtrumble3a1", "mtrumble3a1\mtrumble3a1.vbproj", "{8C590B66-8639-401D-B66F-C9EDE06FC350}"
EndProject
Global
	GlobalSection(SolutionConfigurationPlatforms) = preSolution
		Debug|Any CPU = Debug|Any CPU
		Release|Any CPU = Release|Any CPU
	EndGlobalSection
	GlobalSection(ProjectConfigurationPlatforms) = postSolution
		{BFE2A342-69D6-40A2-A0DA-0BF357928C6E}.Debug|Any CPU.ActiveCfg = Debug|Any CPU
		{BFE2A342-69D6-40A2-A0DA-0BF357928C6E}.Debug|Any CPU.Build.0 = Debug|Any CPU
		{BFE2A342-69D6-40A2-A0DA-0BF357928C6E}.Release|Any CPU.ActiveCfg = Release|Any CPU
		{BFE2A342-69D6-40A2-A0DA-0BF357928C6E}.Release|Any CPU.Build.0 = Release|Any CPU
		{652CDFD9-7186-421B-9780-12DF2E70F6A5}.Debug|Any CPU.ActiveCfg = Debug|Any CPU
		{652CDFD9-7186-421B-9780-12DF2E70F6A5}.Debug|Any CPU.Build.0 = Debug|Any CPU
		{652CDFD9-7186-421B-9780-12DF2E70F6A5}.Release|Any CPU.ActiveCfg = Release|Any CPU
		{652CDFD9-7186-421B-9780-12DF2E70F6A5}.Release|Any CPU.Build.0 = Release|Any CPU
		{7691698E-10E6-4345-BDAA-97C98B4DAACE}.Debug|Any CPU.ActiveCfg = Debug|Any CPU
		{7691698E-10E6-4345-BDAA-97C98B4DAACE}.Debug|Any CPU.Build.0 = Debug|Any CPU
		{7691698E-10E6-4345-BDAA-97C98B4DAACE}.Release|Any CPU.ActiveCfg = Release|Any CPU
		{7691698E-10E6-4345-BDAA-97C98B4DAACE}.Release|Any CPU.Build.0 = Release|Any CPU
		{6561F37D-DF96-41A1-B742-827B6202DC59}.Debug|Any CPU.ActiveCfg = Debug|Any CPU
		{6561F37D-DF96-41A1-B742-827B6202DC59}.Debug|Any CPU.Build.0 = Debug|Any CPU
		{6561F37D-DF96-41A1-B742-827B6202DC59}.Release|Any CPU.ActiveCfg = Release|Any CPU
		{6561F37D-DF96-41A1-B742-827B6202DC59}.Release|Any CPU.Build.0 = Release|Any CPU
		{4AD43F33-1524-4024-8588-7C4F84A1CE1E}.Debug|Any CPU.ActiveCfg = Debug|Any CPU
		{4AD43F33-1524-4024-8588-7C4F84A1CE1E}.Debug|Any CPU.Build.0 = Debug|Any CPU
		{4AD43F33-1524-4024-8588-7C4F84A1CE1E}.Release|Any CPU.ActiveCfg = Release|Any CPU
		{4AD43F33-1524-4024-8588-7C4F84A1CE1E}.Release|Any CPU.Build.0 = Release|Any CPU
		{22A38A3D-60BC-4E72-ACD4-20444B5FBA41}.Debug|Any CPU.ActiveCfg = Debug|Any CPU
		{22A38A3D-60BC-4E72-ACD4-20444B5FBA41}.Debug|Any CPU.Build.0 = Debug|Any CPU
		{22A38A3D-60BC-4E72-ACD4-20444B5FBA41}.Release|Any CPU.ActiveCfg = Release|Any CPU
		{22A38A3D-60BC-4E72-ACD4-20444B5FBA41}.Release|Any CPU.Build.0 = Release|Any CPU
		{77C0EC75-AD85-46FC-9F96-C85F0E219B73}.Debug|Any CPU.ActiveCfg = Debug|Any CPU
		{77C0EC75-AD85-46FC-9F96-C85F0E219B73}.Debug|Any CPU.Build.0 = Debug|Any CPU
		{77C0EC75-AD85-46FC-9F96-C85F0E219B73}.Release|Any CPU.ActiveCfg = Release|Any CPU
		{77C0EC75-AD85-46FC-9F96-C85F0E219B73}.Release|Any CPU.Build.0 = Release|Any CPU
		{CE7BBF78-CAF8-4A45-B7DA-DE50093A74E3}.Debug|Any CPU.ActiveCfg = Debug|Any CPU
		{CE7BBF78-CAF8-4A45-B7DA-DE50093A74E3}.Debug|Any CPU.Build.0 = Debug|Any CPU
		{CE7BBF78-CAF8-4A45-B7DA-DE50093A74E3}.Release|Any CPU.ActiveCfg = Release|Any CPU
		{CE7BBF78-CAF8-4A45-B7DA-DE50093A74E3}.Release|Any CPU.Build.0 = Release|Any CPU
		{74E720ED-58BC-4D73-AEE1-D1D2A671F5BE}.Debug|Any CPU.ActiveCfg = Debug|Any CPU
		{74E720ED-58BC-4D73-AEE1-D1D2A671F5BE}.Debug|Any CPU.Build.0 = Debug|Any CPU
		{74E720ED-58BC-4D73-AEE1-D1D2A671F5BE}.Release|Any CPU.ActiveCfg = Release|Any CPU
		{74E720ED-58BC-4D73-AEE1-D1D2A671F5BE}.Release|Any CPU.Build.0 = Release|Any CPU
		{DC3490D3-68C8-43F9-B8EB-71DBCD107C83}.Debug|Any CPU.ActiveCfg = Debug|Any CPU
		{DC3490D3-68C8-43F9-B8EB-71DBCD107C83}.Debug|Any CPU.Build.0 = Debug|Any CPU
		{DC3490D3-68C8-43F9-B8EB-71DBCD107C83}.Release|Any CPU.ActiveCfg = Release|Any CPU
		{DC3490D3-68C8-43F9-B8EB-71DBCD107C83}.Release|Any CPU.Build.0 = Release|Any CPU
		{78F6264D-D898-4ADB-B04E-313E7B40952A}.Debug|Any CPU.ActiveCfg = Debug|Any CPU
		{78F6264D-D898-4ADB-B04E-313E7B40952A}.Debug|Any CPU.Build.0 = Debug|Any CPU
		{78F6264D-D898-4ADB-B04E-313E7B40952A}.Release|Any CPU.ActiveCfg = Release|Any CPU
		{78F6264D-D898-4ADB-B04E-313E7B40952A}.Release|Any CPU.Build.0 = Release|Any CPU
		{382F616B-1070-40AE-9E0F-B8E3A9841FC8}.Debug|Any CPU.ActiveCfg = Debug|Any CPU
		{382F616B-1070-40AE-9E0F-B8E3A9841FC8}.Debug|Any CPU.Build.0 = Debug|Any CPU
		{382F616B-1070-40AE-9E0F-B8E3A9841FC8}.Release|Any CPU.ActiveCfg = Release|Any CPU
		{382F616B-1070-40AE-9E0F-B8E3A9841FC8}.Release|Any CPU.Build.0 = Release|Any CPU
		{A60ADA28-85D6-46DE-B7E8-D3BC9E016690}.Debug|Any CPU.ActiveCfg = Debug|Any CPU
		{A60ADA28-85D6-46DE-B7E8-D3BC9E016690}.Debug|Any CPU.Build.0 = Debug|Any CPU
		{A60ADA28-85D6-46DE-B7E8-D3BC9E016690}.Release|Any CPU.ActiveCfg = Release|Any CPU
		{A60ADA28-85D6-46DE-B7E8-D3BC9E016690}.Release|Any CPU.Build.0 = Release|Any CPU
		{B448F313-7C90-44A9-AF5D-8632D3A0B73F}.Debug|Any CPU.ActiveCfg = Debug|Any CPU
		{B448F313-7C90-44A9-AF5D-8632D3A0B73F}.Debug|Any CPU.Build.0 = Debug|Any CPU
		{B448F313-7C90-44A9-AF5D-8632D3A0B73F}.Release|Any CPU.ActiveCfg = Release|Any CPU
		{B448F313-7C90-44A9-AF5D-8632D3A0B73F}.Release|Any CPU.Build.0 = Release|Any CPU
		{8FA91829-90FA-4BA0-B9CD-14A516F6C044}.Debug|Any CPU.ActiveCfg = Debug|Any CPU
		{8FA91829-90FA-4BA0-B9CD-14A516F6C044}.Debug|Any CPU.Build.0 = Debug|Any CPU
		{8FA91829-90FA-4BA0-B9CD-14A516F6C044}.Release|Any CPU.ActiveCfg = Release|Any CPU
		{8FA91829-90FA-4BA0-B9CD-14A516F6C044}.Release|Any CPU.Build.0 = Release|Any CPU
		{3BC7FDF0-943B-4147-95AF-ECC1DD6D941C}.Debug|Any CPU.ActiveCfg = Debug|Any CPU
		{3BC7FDF0-943B-4147-95AF-ECC1DD6D941C}.Debug|Any CPU.Build.0 = Debug|Any CPU
		{3BC7FDF0-943B-4147-95AF-ECC1DD6D941C}.Release|Any CPU.ActiveCfg = Release|Any CPU
		{3BC7FDF0-943B-4147-95AF-ECC1DD6D941C}.Release|Any CPU.Build.0 = Release|Any CPU
		{58753749-2498-4BD0-8B25-D280A42D40A5}.Debug|Any CPU.ActiveCfg = Debug|Any CPU
		{58753749-2498-4BD0-8B25-D280A42D40A5}.Debug|Any CPU.Build.0 = Debug|Any CPU
		{58753749-2498-4BD0-8B25-D280A42D40A5}.Release|Any CPU.ActiveCfg = Release|Any CPU
		{58753749-2498-4BD0-8B25-D280A42D40A5}.Release|Any CPU.Build.0 = Release|Any CPU
		{8C590B66-8639-401D-B66F-C9EDE06FC350}.Debug|Any CPU.ActiveCfg = Debug|Any CPU
		{8C590B66-8639-401D-B66F-C9EDE06FC350}.Debug|Any CPU.Build.0 = Debug|Any CPU
		{8C590B66-8639-401D-B66F-C9EDE06FC350}.Release|Any CPU.ActiveCfg = Release|Any CPU
		{8C590B66-8639-401D-B66F-C9EDE06FC350}.Release|Any CPU.Build.0 = Release|Any CPU
	EndGlobalSection
	GlobalSection(SolutionProperties) = preSolution
		HideSolutionNode = FALSE
	EndGlobalSection
EndGlobal
